
Microsoft Visual Studio Solution File, Format Version 12.00
# Visual Studio 2013
VisualStudioVersion = 12.0.21005.1
MinimumVisualStudioVersion = 10.0.40219.1
Project("{FAE04EC0-301F-11D3-BF4B-00C04F79EFBC}") = "MultiTarget", "MultiTarget\MultiTarget.csproj", "{7515D66B-7236-45E2-B89B-52206291CDD5}"
EndProject
Project("{FAE04EC0-301F-11D3-BF4B-00C04F79EFBC}") = "MultiTarget_NET45", "MultiTarget\MultiTarget_NET45.csproj", "{69CC58F9-B410-414E-B46C-945ECDC1B446}"
EndProject
Project("{FAE04EC0-301F-11D3-BF4B-00C04F79EFBC}") = "MultiTarget_NET40", "MultiTarget\MultiTarget_NET40.csproj", "{61C94BD5-7CD9-4033-94C5-D6578ADF3178}"
EndProject
Project("{FAE04EC0-301F-11D3-BF4B-00C04F79EFBC}") = "MultiTarget_NET35", "MultiTarget\MultiTarget_NET35.csproj", "{993775A9-8EEB-4AAC-A259-7E9E73015169}"
EndProject
Project("{FAE04EC0-301F-11D3-BF4B-00C04F79EFBC}") = "MultiTarget_NET20", "MultiTarget\MultiTarget_NET20.csproj", "{8EA06A09-B3D8-46EC-9207-6203A512476F}"
EndProject
Global
	GlobalSection(SolutionConfigurationPlatforms) = preSolution
		Debug|Any CPU = Debug|Any CPU
		Deploy|Any CPU = Deploy|Any CPU
		Release|Any CPU = Release|Any CPU
	EndGlobalSection
	GlobalSection(ProjectConfigurationPlatforms) = postSolution
		{7515D66B-7236-45E2-B89B-52206291CDD5}.Debug|Any CPU.ActiveCfg = Debug|Any CPU
		{7515D66B-7236-45E2-B89B-52206291CDD5}.Debug|Any CPU.Build.0 = Debug|Any CPU
		{7515D66B-7236-45E2-B89B-52206291CDD5}.Deploy|Any CPU.ActiveCfg = Deploy|Any CPU
		{7515D66B-7236-45E2-B89B-52206291CDD5}.Deploy|Any CPU.Build.0 = Deploy|Any CPU
		{7515D66B-7236-45E2-B89B-52206291CDD5}.Release|Any CPU.ActiveCfg = Release|Any CPU
		{7515D66B-7236-45E2-B89B-52206291CDD5}.Release|Any CPU.Build.0 = Release|Any CPU
		{69CC58F9-B410-414E-B46C-945ECDC1B446}.Debug|Any CPU.ActiveCfg = Debug|Any CPU
		{69CC58F9-B410-414E-B46C-945ECDC1B446}.Debug|Any CPU.Build.0 = Debug|Any CPU
		{69CC58F9-B410-414E-B46C-945ECDC1B446}.Deploy|Any CPU.ActiveCfg = Deploy|Any CPU
		{69CC58F9-B410-414E-B46C-945ECDC1B446}.Deploy|Any CPU.Build.0 = Deploy|Any CPU
		{69CC58F9-B410-414E-B46C-945ECDC1B446}.Release|Any CPU.ActiveCfg = Release|Any CPU
		{69CC58F9-B410-414E-B46C-945ECDC1B446}.Release|Any CPU.Build.0 = Release|Any CPU
		{61C94BD5-7CD9-4033-94C5-D6578ADF3178}.Debug|Any CPU.ActiveCfg = Debug|Any CPU
		{61C94BD5-7CD9-4033-94C5-D6578ADF3178}.Debug|Any CPU.Build.0 = Debug|Any CPU
		{61C94BD5-7CD9-4033-94C5-D6578ADF3178}.Deploy|Any CPU.ActiveCfg = Deploy|Any CPU
		{61C94BD5-7CD9-4033-94C5-D6578ADF3178}.Deploy|Any CPU.Build.0 = Deploy|Any CPU
		{61C94BD5-7CD9-4033-94C5-D6578ADF3178}.Release|Any CPU.ActiveCfg = Release|Any CPU
		{61C94BD5-7CD9-4033-94C5-D6578ADF3178}.Release|Any CPU.Build.0 = Release|Any CPU
		{993775A9-8EEB-4AAC-A259-7E9E73015169}.Debug|Any CPU.ActiveCfg = Debug|Any CPU
		{993775A9-8EEB-4AAC-A259-7E9E73015169}.Debug|Any CPU.Build.0 = Debug|Any CPU
		{993775A9-8EEB-4AAC-A259-7E9E73015169}.Deploy|Any CPU.ActiveCfg = Deploy|Any CPU
		{993775A9-8EEB-4AAC-A259-7E9E73015169}.Deploy|Any CPU.Build.0 = Deploy|Any CPU
		{993775A9-8EEB-4AAC-A259-7E9E73015169}.Release|Any CPU.ActiveCfg = Release|Any CPU
		{993775A9-8EEB-4AAC-A259-7E9E73015169}.Release|Any CPU.Build.0 = Release|Any CPU
		{8EA06A09-B3D8-46EC-9207-6203A512476F}.Debug|Any CPU.ActiveCfg = Debug|Any CPU
		{8EA06A09-B3D8-46EC-9207-6203A512476F}.Debug|Any CPU.Build.0 = Debug|Any CPU
		{8EA06A09-B3D8-46EC-9207-6203A512476F}.Deploy|Any CPU.ActiveCfg = Deploy|Any CPU
		{8EA06A09-B3D8-46EC-9207-6203A512476F}.Deploy|Any CPU.Build.0 = Deploy|Any CPU
		{8EA06A09-B3D8-46EC-9207-6203A512476F}.Release|Any CPU.ActiveCfg = Release|Any CPU
		{8EA06A09-B3D8-46EC-9207-6203A512476F}.Release|Any CPU.Build.0 = Release|Any CPU
	EndGlobalSection
	GlobalSection(SolutionProperties) = preSolution
		HideSolutionNode = FALSE
	EndGlobalSection
EndGlobal
